
Microsoft Visual Studio Solution File, Format Version 12.00
# Visual Studio Version 17
VisualStudioVersion = 17.1.32328.378
MinimumVisualStudioVersion = 10.0.40219.1
Project("{9A19103F-16F7-4668-BE54-9A1E7A4F7556}") = "ToDoList.Server", "ToDoList.Server\ToDoList.Server.csproj", "{F8B810CE-0E67-4CBF-AE8D-9D71898FE1ED}"
EndProject
Project("{9A19103F-16F7-4668-BE54-9A1E7A4F7556}") = "ToDoList.Business", "ToDoList.Business\ToDoList.Business.csproj", "{57ABC469-69E0-4F8B-9271-30BD6F1FFCC7}"
EndProject
Project("{9A19103F-16F7-4668-BE54-9A1E7A4F7556}") = "ToDoList.MsSql", "ToDoList.MsSql\ToDoList.MsSql.csproj", "{71CDC8EB-9040-4DD0-B3FA-16E8C938D4F5}"
EndProject
Project("{9A19103F-16F7-4668-BE54-9A1E7A4F7556}") = "ToDoList.XML", "ToDoList.XML\ToDoList.XML.csproj", "{9A5E529D-CC3C-44D8-8BA2-AB4E3EA29054}"
EndProject
Project("{2150E333-8FDC-42A3-9474-1A3956D46DE8}") = "Solution Items", "Solution Items", "{9A0C2DB3-ACA9-42A2-BC9E-7E2368154BDD}"
	ProjectSection(SolutionItems) = preProject
		.editorconfig = .editorconfig
	EndProjectSection
EndProject
Global
	GlobalSection(SolutionConfigurationPlatforms) = preSolution
		Debug|Any CPU = Debug|Any CPU
		Release|Any CPU = Release|Any CPU
	EndGlobalSection
	GlobalSection(ProjectConfigurationPlatforms) = postSolution
		{F8B810CE-0E67-4CBF-AE8D-9D71898FE1ED}.Debug|Any CPU.ActiveCfg = Debug|Any CPU
		{F8B810CE-0E67-4CBF-AE8D-9D71898FE1ED}.Debug|Any CPU.Build.0 = Debug|Any CPU
		{F8B810CE-0E67-4CBF-AE8D-9D71898FE1ED}.Release|Any CPU.ActiveCfg = Release|Any CPU
		{F8B810CE-0E67-4CBF-AE8D-9D71898FE1ED}.Release|Any CPU.Build.0 = Release|Any CPU
		{57ABC469-69E0-4F8B-9271-30BD6F1FFCC7}.Debug|Any CPU.ActiveCfg = Debug|Any CPU
		{57ABC469-69E0-4F8B-9271-30BD6F1FFCC7}.Debug|Any CPU.Build.0 = Debug|Any CPU
		{57ABC469-69E0-4F8B-9271-30BD6F1FFCC7}.Release|Any CPU.ActiveCfg = Release|Any CPU
		{57ABC469-69E0-4F8B-9271-30BD6F1FFCC7}.Release|Any CPU.Build.0 = Release|Any CPU
		{71CDC8EB-9040-4DD0-B3FA-16E8C938D4F5}.Debug|Any CPU.ActiveCfg = Debug|Any CPU
		{71CDC8EB-9040-4DD0-B3FA-16E8C938D4F5}.Debug|Any CPU.Build.0 = Debug|Any CPU
		{71CDC8EB-9040-4DD0-B3FA-16E8C938D4F5}.Release|Any CPU.ActiveCfg = Release|Any CPU
		{71CDC8EB-9040-4DD0-B3FA-16E8C938D4F5}.Release|Any CPU.Build.0 = Release|Any CPU
		{9A5E529D-CC3C-44D8-8BA2-AB4E3EA29054}.Debug|Any CPU.ActiveCfg = Debug|Any CPU
		{9A5E529D-CC3C-44D8-8BA2-AB4E3EA29054}.Debug|Any CPU.Build.0 = Debug|Any CPU
		{9A5E529D-CC3C-44D8-8BA2-AB4E3EA29054}.Release|Any CPU.ActiveCfg = Release|Any CPU
		{9A5E529D-CC3C-44D8-8BA2-AB4E3EA29054}.Release|Any CPU.Build.0 = Release|Any CPU
	EndGlobalSection
	GlobalSection(SolutionProperties) = preSolution
		HideSolutionNode = FALSE
	EndGlobalSection
	GlobalSection(ExtensibilityGlobals) = postSolution
		SolutionGuid = {70D04BDB-53C5-4E25-96E9-115BD22F2165}
	EndGlobalSection
EndGlobal
